
Microsoft Visual Studio Solution File, Format Version 11.00
# Visual Studio 2010
Project("{8BC9CEB8-8B4A-11D0-8D11-00A0C91BC942}") = "serial", "serial\serial.vcxproj", "{A8517FB2-C74E-43BD-B3C6-B05D3FC11ECD}"
EndProject
Project("{8BC9CEB8-8B4A-11D0-8D11-00A0C91BC942}") = "test_serial", "test_serial\test_serial.vcxproj", "{92EE7E58-C737-41F9-B795-9B6ACF6AB0B8}"
EndProject
Global
	GlobalSection(SolutionConfigurationPlatforms) = preSolution
		Debug|Win32 = Debug|Win32
		Debug|x64 = Debug|x64
		Release|Win32 = Release|Win32
		Release|x64 = Release|x64
	EndGlobalSection
	GlobalSection(ProjectConfigurationPlatforms) = postSolution
		{A8517FB2-C74E-43BD-B3C6-B05D3FC11ECD}.Debug|Win32.ActiveCfg = Debug|Win32
		{A8517FB2-C74E-43BD-B3C6-B05D3FC11ECD}.Debug|Win32.Build.0 = Debug|Win32
		{A8517FB2-C74E-43BD-B3C6-B05D3FC11ECD}.Debug|x64.ActiveCfg = Debug|x64
		{A8517FB2-C74E-43BD-B3C6-B05D3FC11ECD}.Debug|x64.Build.0 = Debug|x64
		{A8517FB2-C74E-43BD-B3C6-B05D3FC11ECD}.Release|Win32.ActiveCfg = Release|Win32
		{A8517FB2-C74E-43BD-B3C6-B05D3FC11ECD}.Release|Win32.Build.0 = Release|Win32
		{A8517FB2-C74E-43BD-B3C6-B05D3FC11ECD}.Release|x64.ActiveCfg = Release|x64
		{A8517FB2-C74E-43BD-B3C6-B05D3FC11ECD}.Release|x64.Build.0 = Release|x64
		{92EE7E58-C737-41F9-B795-9B6ACF6AB0B8}.Debug|Win32.ActiveCfg = Debug|Win32
		{92EE7E58-C737-41F9-B795-9B6ACF6AB0B8}.Debug|Win32.Build.0 = Debug|Win32
		{92EE7E58-C737-41F9-B795-9B6ACF6AB0B8}.Debug|x64.ActiveCfg = Debug|x64
		{92EE7E58-C737-41F9-B795-9B6ACF6AB0B8}.Debug|x64.Build.0 = Debug|x64
		{92EE7E58-C737-41F9-B795-9B6ACF6AB0B8}.Release|Win32.ActiveCfg = Release|Win32
		{92EE7E58-C737-41F9-B795-9B6ACF6AB0B8}.Release|Win32.Build.0 = Release|Win32
		{92EE7E58-C737-41F9-B795-9B6ACF6AB0B8}.Release|x64.ActiveCfg = Release|x64
		{92EE7E58-C737-41F9-B795-9B6ACF6AB0B8}.Release|x64.Build.0 = Release|x64
	EndGlobalSection
	GlobalSection(SolutionProperties) = preSolution
		HideSolutionNode = FALSE
	EndGlobalSection
EndGlobal
